
Microsoft Visual Studio Solution File, Format Version 12.00
# Visual Studio 15
VisualStudioVersion = 15.0.27703.2018
MinimumVisualStudioVersion = 10.0.40219.1
Project("{FAE04EC0-301F-11D3-BF4B-00C04F79EFBC}") = "ExtUnit", "ExtUnit\ExtUnit.csproj", "{7E797699-8336-45AE-91D8-7EE9E84021E0}"
EndProject
Project("{FAE04EC0-301F-11D3-BF4B-00C04F79EFBC}") = "ExtUnit.Tests", "ExtUnit.Tests\ExtUnit.Tests.csproj", "{74BF39B3-813A-4237-A912-D50C7C884F05}"
EndProject
Global
	GlobalSection(SolutionConfigurationPlatforms) = preSolution
		Debug|Any CPU = Debug|Any CPU
		Release|Any CPU = Release|Any CPU
	EndGlobalSection
	GlobalSection(ProjectConfigurationPlatforms) = postSolution
		{7E797699-8336-45AE-91D8-7EE9E84021E0}.Debug|Any CPU.ActiveCfg = Debug|Any CPU
		{7E797699-8336-45AE-91D8-7EE9E84021E0}.Debug|Any CPU.Build.0 = Debug|Any CPU
		{7E797699-8336-45AE-91D8-7EE9E84021E0}.Release|Any CPU.ActiveCfg = Release|Any CPU
		{7E797699-8336-45AE-91D8-7EE9E84021E0}.Release|Any CPU.Build.0 = Release|Any CPU
		{74BF39B3-813A-4237-A912-D50C7C884F05}.Debug|Any CPU.ActiveCfg = Debug|Any CPU
		{74BF39B3-813A-4237-A912-D50C7C884F05}.Debug|Any CPU.Build.0 = Debug|Any CPU
		{74BF39B3-813A-4237-A912-D50C7C884F05}.Release|Any CPU.ActiveCfg = Release|Any CPU
		{74BF39B3-813A-4237-A912-D50C7C884F05}.Release|Any CPU.Build.0 = Release|Any CPU
	EndGlobalSection
	GlobalSection(SolutionProperties) = preSolution
		HideSolutionNode = FALSE
	EndGlobalSection
	GlobalSection(ExtensibilityGlobals) = postSolution
		SolutionGuid = {0A471054-3C92-4BEB-BCF1-07DDB1CA9C90}
	EndGlobalSection
EndGlobal
